{
  "name": "tmux-agents-status-workspace",
  "lockfileVersion": 3,
  "requires": true,
  "packages": {
    "": {
      "name": "tmux-agents-status-workspace",
      "workspaces": [
        "packages/*"
      ],
      "devDependencies": {
        "typescript": "5.9.3"
      }
    },
    "node_modules/tmux-agents-status-opencode": {
      "resolved": "packages/opencode",
      "link": true
    },
    "node_modules/tmux-agents-status-pi": {
      "resolved": "packages/pi",
      "link": true
    },
    "node_modules/typescript": {
      "version": "5.9.3",
      "resolved": "https://registry.npmjs.org/typescript/-/typescript-5.9.3.tgz",
      "integrity": "sha512-jl1vZzPDinLr9eUt3J/t7V6FgNEw9QjvBPdysz9KfQDD41fQrC2Y4vKQdiaUpFT4bXlb1RHhLpp8wtm6M5TgSw==",
      "dev": true,
      "license": "Apache-2.0",
      "bin": {
        "tsc": "bin/tsc",
        "tsserver": "bin/tsserver"
      },
      "engines": {
        "node": ">=14.17"
      }
    },
    "packages/opencode": {
      "name": "tmux-agents-status-opencode",
      "version": "0.1.0",
      "license": "MIT"
    },
    "packages/pi": {
      "name": "tmux-agents-status-pi",
      "version": "0.1.1",
      "license": "MIT"
    }
  }
}
